
Microsoft Visual Studio Solution File, Format Version 12.00
# Visual Studio Version 16
VisualStudioVersion = 16.0.32106.194
MinimumVisualStudioVersion = 10.0.40219.1
Project("{FAE04EC0-301F-11D3-BF4B-00C04F79EFBC}") = "eTickets", "eTickets.csproj", "{4941DB32-A720-4EC3-8631-5F7F9A327268}"
EndProject
Global
	GlobalSection(SolutionConfigurationPlatforms) = preSolution
		Debug|Any CPU = Debug|Any CPU
		Release|Any CPU = Release|Any CPU
	EndGlobalSection
	GlobalSection(ProjectConfigurationPlatforms) = postSolution
		{4941DB32-A720-4EC3-8631-5F7F9A327268}.Debug|Any CPU.ActiveCfg = Debug|Any CPU
		{4941DB32-A720-4EC3-8631-5F7F9A327268}.Debug|Any CPU.Build.0 = Debug|Any CPU
		{4941DB32-A720-4EC3-8631-5F7F9A327268}.Release|Any CPU.ActiveCfg = Release|Any CPU
		{4941DB32-A720-4EC3-8631-5F7F9A327268}.Release|Any CPU.Build.0 = Release|Any CPU
	EndGlobalSection
	GlobalSection(SolutionProperties) = preSolution
		HideSolutionNode = FALSE
	EndGlobalSection
	GlobalSection(ExtensibilityGlobals) = postSolution
		SolutionGuid = {305E02AB-4974-4AF3-A76A-042B6AEDCD3D}
	EndGlobalSection
EndGlobal
